// !$*UTF8*$!
{
	archiveVersion = 1;
	classes = {
	};
	objectVersion = 50;
	objects = {

/* Begin PBXBuildFile section */
		CAC5182223F0C0500096C4F0 /* ToDoItem.swift in Sources */ = {isa = PBXBuildFile; fileRef = CAC5182123F0C0500096C4F0 /* ToDoItem.swift */; };
		CAE56E7B23F08AE800F76068 /* ToDoDetailTableTableViewController.swift in Sources */ = {isa = PBXBuildFile; fileRef = CAE56E7A23F08AE800F76068 /* ToDoDetailTableTableViewController.swift */; };
		CAFDE9C223EF5FEF00584A39 /* AppDelegate.swift in Sources */ = {isa = PBXBuildFile; fileRef = CAFDE9C123EF5FEF00584A39 /* AppDelegate.swift */; };
		CAFDE9C423EF5FEF00584A39 /* SceneDelegate.swift in Sources */ = {isa = PBXBuildFile; fileRef = CAFDE9C323EF5FEF00584A39 /* SceneDelegate.swift */; };
		CAFDE9C623EF5FEF00584A39 /* ToDoListViewController.swift in Sources */ = {isa = PBXBuildFile; fileRef = CAFDE9C523EF5FEF00584A39 /* ToDoListViewController.swift */; };
		CAFDE9C923EF5FEF00584A39 /* Main.storyboard in Resources */ = {isa = PBXBuildFile; fileRef = CAFDE9C723EF5FEF00584A39 /* Main.storyboard */; };
		CAFDE9CB23EF5FF300584A39 /* Assets.xcassets in Resources */ = {isa = PBXBuildFile; fileRef = CAFDE9CA23EF5FF300584A39 /* Assets.xcassets */; };
		CAFDE9CE23EF5FF300584A39 /* LaunchScreen.storyboard in Resources */ = {isa = PBXBuildFile; fileRef = CAFDE9CC23EF5FF300584A39 /* LaunchScreen.storyboard */; };
/* End PBXBuildFile section */

/* Begin PBXFileReference section */
		CAC5182123F0C0500096C4F0 /* ToDoItem.swift */ = {isa = PBXFileReference; lastKnownFileType = sourcecode.swift; path = ToDoItem.swift; sourceTree = "<group>"; };
		CAE56E7A23F08AE800F76068 /* ToDoDetailTableTableViewController.swift */ = {isa = PBXFileReference; lastKnownFileType = sourcecode.swift; path = ToDoDetailTableTableViewController.swift; sourceTree = "<group>"; };
		CAFDE9BE23EF5FEF00584A39 /* ToDo List.app */ = {isa = PBXFileReference; explicitFileType = wrapper.application; includeInIndex = 0; path = "ToDo List.app"; sourceTree = BUILT_PRODUCTS_DIR; };
		CAFDE9C123EF5FEF00584A39 /* AppDelegate.swift */ = {isa = PBXFileReference; lastKnownFileType = sourcecode.swift; path = AppDelegate.swift; sourceTree = "<group>"; };
		CAFDE9C323EF5FEF00584A39 /* SceneDelegate.swift */ = {isa = PBXFileReference; lastKnownFileType = sourcecode.swift; path = SceneDelegate.swift; sourceTree = "<group>"; };
		CAFDE9C523EF5FEF00584A39 /* ToDoListViewController.swift */ = {isa = PBXFileReference; lastKnownFileType = sourcecode.swift; path = ToDoListViewController.swift; sourceTree = "<group>"; };
		CAFDE9C823EF5FEF00584A39 /* Base */ = {isa = PBXFileReference; lastKnownFileType = file.storyboard; name = Base; path = Base.lproj/Main.storyboard; sourceTree = "<group>"; };
		CAFDE9CA23EF5FF300584A39 /* Assets.xcassets */ = {isa = PBXFileReference; lastKnownFileType = folder.assetcatalog; path = Assets.xcassets; sourceTree = "<group>"; };
		CAFDE9CD23EF5FF300584A39 /* Base */ = {isa = PBXFileReference; lastKnownFileType = file.storyboard; name = Base; path = Base.lproj/LaunchScreen.storyboard; sourceTree = "<group>"; };
		CAFDE9CF23EF5FF300584A39 /* Info.plist */ = {isa = PBXFileReference; lastKnownFileType = text.plist.xml; path = Info.plist; sourceTree = "<group>"; };
/* End PBXFileReference section */

/* Begin PBXFrameworksBuildPhase section */
		CAFDE9BB23EF5FEF00584A39 /* Frameworks */ = {
			isa = PBXFrameworksBuildPhase;
			buildActionMask = 2147483647;
			files = (
			);
			runOnlyForDeploymentPostprocessing = 0;
		};
/* End PBXFrameworksBuildPhase section */

/* Begin PBXGroup section */
		CAFDE9B523EF5FEF00584A39 = {
			isa = PBXGroup;
			children = (
				CAFDE9C023EF5FEF00584A39 /* ToDo List */,
				CAFDE9BF23EF5FEF00584A39 /* Products */,
			);
			sourceTree = "<group>";
		};
		CAFDE9BF23EF5FEF00584A39 /* Products */ = {
			isa = PBXGroup;
			children = (
				CAFDE9BE23EF5FEF00584A39 /* ToDo List.app */,
			);
			name = Products;
			sourceTree = "<group>";
		};
		CAFDE9C023EF5FEF00584A39 /* ToDo List */ = {
			isa = PBXGroup;
			children = (
				CAFDE9C123EF5FEF00584A39 /* AppDelegate.swift */,
				CAFDE9C323EF5FEF00584A39 /* SceneDelegate.swift */,
				CAC5182123F0C0500096C4F0 /* ToDoItem.swift */,
				CAFDE9C523EF5FEF00584A39 /* ToDoListViewController.swift */,
				CAE56E7A23F08AE800F76068 /* ToDoDetailTableTableViewController.swift */,
				CAFDE9C723EF5FEF00584A39 /* Main.storyboard */,
				CAFDE9CA23EF5FF300584A39 /* Assets.xcassets */,
				CAFDE9CC23EF5FF300584A39 /* LaunchScreen.storyboard */,
				CAFDE9CF23EF5FF300584A39 /* Info.plist */,
			);
			path = "ToDo List";
			sourceTree = "<group>";
		};
/* End PBXGroup section */

/* Begin PBXNativeTarget section */
		CAFDE9BD23EF5FEF00584A39 /* ToDo List */ = {
			isa = PBXNativeTarget;
			buildConfigurationList = CAFDE9D223EF5FF300584A39 /* Build configuration list for PBXNativeTarget "ToDo List" */;
			buildPhases = (
				CAFDE9BA23EF5FEF00584A39 /* Sources */,
				CAFDE9BB23EF5FEF00584A39 /* Frameworks */,
				CAFDE9BC23EF5FEF00584A39 /* Resources */,
			);
			buildRules = (
			);
			dependencies = (
			);
			name = "ToDo List";
			productName = "ToDo List";
			productReference = CAFDE9BE23EF5FEF00584A39 /* ToDo List.app */;
			productType = "com.apple.product-type.application";
		};
/* End PBXNativeTarget section */

/* Begin PBXProject section */
		CAFDE9B623EF5FEF00584A39 /* Project object */ = {
			isa = PBXProject;
			attributes = {
				LastSwiftUpdateCheck = 1130;
				LastUpgradeCheck = 1130;
				ORGANIZATIONNAME = "Brandon Boey";
				TargetAttributes = {
					CAFDE9BD23EF5FEF00584A39 = {
						CreatedOnToolsVersion = 11.3;
					};
				};
			};
			buildConfigurationList = CAFDE9B923EF5FEF00584A39 /* Build configuration list for PBXProject "ToDo List" */;
			compatibilityVersion = "Xcode 9.3";
			developmentRegion = en;
			hasScannedForEncodings = 0;
			knownRegions = (
				en,
				Base,
			);
			mainGroup = CAFDE9B523EF5FEF00584A39;
			productRefGroup = CAFDE9BF23EF5FEF00584A39 /* Products */;
			projectDirPath = "";
			projectRoot = "";
			targets = (
				CAFDE9BD23EF5FEF00584A39 /* ToDo List */,
			);
		};
/* End PBXProject section */

/* Begin PBXResourcesBuildPhase section */
		CAFDE9BC23EF5FEF00584A39 /* Resources */ = {
			isa = PBXResourcesBuildPhase;
			buildActionMask = 2147483647;
			files = (
				CAFDE9CE23EF5FF300584A39 /* LaunchScreen.storyboard in Resources */,
				CAFDE9CB23EF5FF300584A39 /* Assets.xcassets in Resources */,
				CAFDE9C923EF5FEF00584A39 /* Main.storyboard in Resources */,
			);
			runOnlyForDeploymentPostprocessing = 0;
		};
/* End PBXResourcesBuildPhase section */

/* Begin PBXSourcesBuildPhase section */
		CAFDE9BA23EF5FEF00584A39 /* Sources */ = {
			isa = PBXSourcesBuildPhase;
			buildActionMask = 2147483647;
			files = (
				CAFDE9C623EF5FEF00584A39 /* ToDoListViewController.swift in Sources */,
				CAFDE9C223EF5FEF00584A39 /* AppDelegate.swift in Sources */,
				CAC5182223F0C0500096C4F0 /* ToDoItem.swift in Sources */,
				CAFDE9C423EF5FEF00584A39 /* SceneDelegate.swift in Sources */,
				CAE56E7B23F08AE800F76068 /* ToDoDetailTableTableViewController.swift in Sources */,
			);
			runOnlyForDeploymentPostprocessing = 0;
		};
/* End PBXSourcesBuildPhase section */

/* Begin PBXVariantGroup section */
		CAFDE9C723EF5FEF00584A39 /* Main.storyboard */ = {
			isa = PBXVariantGroup;
			children = (
				CAFDE9C823EF5FEF00584A39 /* Base */,
			);
			name = Main.storyboard;
			sourceTree = "<group>";
		};
		CAFDE9CC23EF5FF300584A39 /* LaunchScreen.storyboard */ = {
			isa = PBXVariantGroup;
			children = (
				CAFDE9CD23EF5FF300584A39 /* Base */,
			);
			name = LaunchScreen.storyboard;
			sourceTree = "<group>";
		};
/* End PBXVariantGroup section */

/* Begin XCBuildConfiguration section */
		CAFDE9D023EF5FF300584A39 /* Debug */ = {
			isa = XCBuildConfiguration;
			buildSettings = {
				ALWAYS_SEARCH_USER_PATHS = NO;
				CLANG_ANALYZER_NONNULL = YES;
				CLANG_ANALYZER_NUMBER_OBJECT_CONVERSION = YES_AGGRESSIVE;
				CLANG_CXX_LANGUAGE_STANDARD = "gnu++14";
				CLANG_CXX_LIBRARY = "libc++";
				CLANG_ENABLE_MODULES = YES;
				CLANG_ENABLE_OBJC_ARC = YES;
				CLANG_ENABLE_OBJC_WEAK = YES;
				CLANG_WARN_BLOCK_CAPTURE_AUTORELEASING = YES;
				CLANG_WARN_BOOL_CONVERSION = YES;
				CLANG_WARN_COMMA = YES;
				CLANG_WARN_CONSTANT_CONVERSION = YES;
				CLANG_WARN_DEPRECATED_OBJC_IMPLEMENTATIONS = YES;
				CLANG_WARN_DIRECT_OBJC_ISA_USAGE = YES_ERROR;
				CLANG_WARN_DOCUMENTATION_COMMENTS = YES;
				CLANG_WARN_EMPTY_BODY = YES;
				CLANG_WARN_ENUM_CONVERSION = YES;
				CLANG_WARN_INFINITE_RECURSION = YES;
				CLANG_WARN_INT_CONVERSION = YES;
				CLANG_WARN_NON_LITERAL_NULL_CONVERSION = YES;
				CLANG_WARN_OBJC_IMPLICIT_RETAIN_SELF = YES;
				CLANG_WARN_OBJC_LITERAL_CONVERSION = YES;
				CLANG_WARN_OBJC_ROOT_CLASS = YES_ERROR;
				CLANG_WARN_RANGE_LOOP_ANALYSIS = YES;
				CLANG_WARN_STRICT_PROTOTYPES = YES;
				CLANG_WARN_SUSPICIOUS_MOVE = YES;
				CLANG_WARN_UNGUARDED_AVAILABILITY = YES_AGGRESSIVE;
				CLANG_WARN_UNREACHABLE_CODE = YES;
				CLANG_WARN__DUPLICATE_METHOD_MATCH = YES;
				COPY_PHASE_STRIP = NO;
				DEBUG_INFORMATION_FORMAT = dwarf;
				ENABLE_STRICT_OBJC_MSGSEND = YES;
				ENABLE_TESTABILITY = YES;
				GCC_C_LANGUAGE_STANDARD = gnu11;
				GCC_DYNAMIC_NO_PIC = NO;
				GCC_NO_COMMON_BLOCKS = YES;
				GCC_OPTIMIZATION_LEVEL = 0;
				GCC_PREPROCESSOR_DEFINITIONS = (
					"DEBUG=1",
					"$(inherited)",
				);
				GCC_WARN_64_TO_32_BIT_CONVERSION = YES;
				GCC_WARN_ABOUT_RETURN_TYPE = YES_ERROR;
				GCC_WARN_UNDECLARED_SELECTOR = YES;
				GCC_WARN_UNINITIALIZED_AUTOS = YES_AGGRESSIVE;
				GCC_WARN_UNUSED_FUNCTION = YES;
				GCC_WARN_UNUSED_VARIABLE = YES;
				IPHONEOS_DEPLOYMENT_TARGET = 13.2;
				MTL_ENABLE_DEBUG_INFO = INCLUDE_SOURCE;
				MTL_FAST_MATH = YES;
				ONLY_ACTIVE_ARCH = YES;
				SDKROOT = iphoneos;
				SWIFT_ACTIVE_COMPILATION_CONDITIONS = DEBUG;
				SWIFT_OPTIMIZATION_LEVEL = "-Onone";
			};
			name = Debug;
		};
		CAFDE9D123EF5FF300584A39 /* Release */ = {
			isa = XCBuildConfiguration;
			buildSettings = {
				ALWAYS_SEARCH_USER_PATHS = NO;
				CLANG_ANALYZER_NONNULL = YES;
				CLANG_ANALYZER_NUMBER_OBJECT_CONVERSION = YES_AGGRESSIVE;
				CLANG_CXX_LANGUAGE_STANDARD = "gnu++14";
				CLANG_CXX_LIBRARY = "libc++";
				CLANG_ENABLE_MODULES = YES;
				CLANG_ENABLE_OBJC_ARC = YES;
				CLANG_ENABLE_OBJC_WEAK = YES;
				CLANG_WARN_BLOCK_CAPTURE_AUTORELEASING = YES;
				CLANG_WARN_BOOL_CONVERSION = YES;
				CLANG_WARN_COMMA = YES;
				CLANG_WARN_CONSTANT_CONVERSION = YES;
				CLANG_WARN_DEPRECATED_OBJC_IMPLEMENTATIONS = YES;
				CLANG_WARN_DIRECT_OBJC_ISA_USAGE = YES_ERROR;
				CLANG_WARN_DOCUMENTATION_COMMENTS = YES;
				CLANG_WARN_EMPTY_BODY = YES;
				CLANG_WARN_ENUM_CONVERSION = YES;
				CLANG_WARN_INFINITE_RECURSION = YES;
				CLANG_WARN_INT_CONVERSION = YES;
				CLANG_WARN_NON_LITERAL_NULL_CONVERSION = YES;
				CLANG_WARN_OBJC_IMPLICIT_RETAIN_SELF = YES;
				CLANG_WARN_OBJC_LITERAL_CONVERSION = YES;
				CLANG_WARN_OBJC_ROOT_CLASS = YES_ERROR;
				CLANG_WARN_RANGE_LOOP_ANALYSIS = YES;
				CLANG_WARN_STRICT_PROTOTYPES = YES;
				CLANG_WARN_SUSPICIOUS_MOVE = YES;
				CLANG_WARN_UNGUARDED_AVAILABILITY = YES_AGGRESSIVE;
				CLANG_WARN_UNREACHABLE_CODE = YES;
				CLANG_WARN__DUPLICATE_METHOD_MATCH = YES;
				COPY_PHASE_STRIP = NO;
				DEBUG_INFORMATION_FORMAT = "dwarf-with-dsym";
				ENABLE_NS_ASSERTIONS = NO;
				ENABLE_STRICT_OBJC_MSGSEND = YES;
				GCC_C_LANGUAGE_STANDARD = gnu11;
				GCC_NO_COMMON_BLOCKS = YES;
				GCC_WARN_64_TO_32_BIT_CONVERSION = YES;
				GCC_WARN_ABOUT_RETURN_TYPE = YES_ERROR;
				GCC_WARN_UNDECLARED_SELECTOR = YES;
				GCC_WARN_UNINITIALIZED_AUTOS = YES_AGGRESSIVE;
				GCC_WARN_UNUSED_FUNCTION = YES;
				GCC_WARN_UNUSED_VARIABLE = YES;
				IPHONEOS_DEPLOYMENT_TARGET = 13.2;
				MTL_ENABLE_DEBUG_INFO = NO;
				MTL_FAST_MATH = YES;
				SDKROOT = iphoneos;
				SWIFT_COMPILATION_MODE = wholemodule;
				SWIFT_OPTIMIZATION_LEVEL = "-O";
				VALIDATE_PRODUCT = YES;
			};
			name = Release;
		};
		CAFDE9D323EF5FF300584A39 /* Debug */ = {
			isa = XCBuildConfiguration;
			buildSettings = {
				ASSETCATALOG_COMPILER_APPICON_NAME = AppIcon;
				CODE_SIGN_STYLE = Automatic;
				DEVELOPMENT_TEAM = 76SXG24Z8F;
				INFOPLIST_FILE = "ToDo List/Info.plist";
				LD_RUNPATH_SEARCH_PATHS = (
					"$(inherited)",
					"@executable_path/Frameworks",
				);
				PRODUCT_BUNDLE_IDENTIFIER = "com.Boey.ToDo-List";
				PRODUCT_NAME = "$(TARGET_NAME)";
				SWIFT_VERSION = 5.0;
				TARGETED_DEVICE_FAMILY = "1,2";
			};
			name = Debug;
		};
		CAFDE9D423EF5FF300584A39 /* Release */ = {
			isa = XCBuildConfiguration;
			buildSettings = {
				ASSETCATALOG_COMPILER_APPICON_NAME = AppIcon;
				CODE_SIGN_STYLE = Automatic;
				DEVELOPMENT_TEAM = 76SXG24Z8F;
				INFOPLIST_FILE = "ToDo List/Info.plist";
				LD_RUNPATH_SEARCH_PATHS = (
					"$(inherited)",
					"@executable_path/Frameworks",
				);
				PRODUCT_BUNDLE_IDENTIFIER = "com.Boey.ToDo-List";
				PRODUCT_NAME = "$(TARGET_NAME)";
				SWIFT_VERSION = 5.0;
				TARGETED_DEVICE_FAMILY = "1,2";
			};
			name = Release;
		};
/* End XCBuildConfiguration section */

/* Begin XCConfigurationList section */
		CAFDE9B923EF5FEF00584A39 /* Build configuration list for PBXProject "ToDo List" */ = {
			isa = XCConfigurationList;
			buildConfigurations = (
				CAFDE9D023EF5FF300584A39 /* Debug */,
				CAFDE9D123EF5FF300584A39 /* Release */,
			);
			defaultConfigurationIsVisible = 0;
			defaultConfigurationName = Release;
		};
		CAFDE9D223EF5FF300584A39 /* Build configuration list for PBXNativeTarget "ToDo List" */ = {
			isa = XCConfigurationList;
			buildConfigurations = (
				CAFDE9D323EF5FF300584A39 /* Debug */,
				CAFDE9D423EF5FF300584A39 /* Release */,
			);
			defaultConfigurationIsVisible = 0;
			defaultConfigurationName = Release;
		};
/* End XCConfigurationList section */
	};
	rootObject = CAFDE9B623EF5FEF00584A39 /* Project object */;
}
